
Microsoft Visual Studio Solution File, Format Version 12.00
Project("{FAE04EC0-301F-11D3-BF4B-00C04F79EFBC}") = "Task1", "Task1\Task1.csproj", "{A3BA6A21-930F-42F8-A87F-57294F1CE688}"
EndProject
Project("{FAE04EC0-301F-11D3-BF4B-00C04F79EFBC}") = "Task2", "Task2\Task2.csproj", "{4CB8905D-38DB-4E50-928F-A6ACA5FE6D8F}"
EndProject
Global
	GlobalSection(SolutionConfigurationPlatforms) = preSolution
		Debug|Any CPU = Debug|Any CPU
		Release|Any CPU = Release|Any CPU
	EndGlobalSection
	GlobalSection(ProjectConfigurationPlatforms) = postSolution
		{A3BA6A21-930F-42F8-A87F-57294F1CE688}.Debug|Any CPU.ActiveCfg = Debug|Any CPU
		{A3BA6A21-930F-42F8-A87F-57294F1CE688}.Debug|Any CPU.Build.0 = Debug|Any CPU
		{A3BA6A21-930F-42F8-A87F-57294F1CE688}.Release|Any CPU.ActiveCfg = Release|Any CPU
		{A3BA6A21-930F-42F8-A87F-57294F1CE688}.Release|Any CPU.Build.0 = Release|Any CPU
		{4CB8905D-38DB-4E50-928F-A6ACA5FE6D8F}.Debug|Any CPU.ActiveCfg = Debug|Any CPU
		{4CB8905D-38DB-4E50-928F-A6ACA5FE6D8F}.Debug|Any CPU.Build.0 = Debug|Any CPU
		{4CB8905D-38DB-4E50-928F-A6ACA5FE6D8F}.Release|Any CPU.ActiveCfg = Release|Any CPU
		{4CB8905D-38DB-4E50-928F-A6ACA5FE6D8F}.Release|Any CPU.Build.0 = Release|Any CPU
	EndGlobalSection
EndGlobal
